// !$*UTF8*$!
{
	archiveVersion = 1;
	classes = {
	};
	objectVersion = 46;
	objects = {

/* Begin PBXBuildFile section */
		E90A3D281B7B75D3007C9401 /* Abstract.m in Sources */ = {isa = PBXBuildFile; fileRef = E90A3D171B7B75D3007C9401 /* Abstract.m */; };
		E90A3D291B7B75D3007C9401 /* Abstract.m in Sources */ = {isa = PBXBuildFile; fileRef = E90A3D171B7B75D3007C9401 /* Abstract.m */; };
		E90A3D2A1B7B75D3007C9401 /* Affiliation.m in Sources */ = {isa = PBXBuildFile; fileRef = E90A3D191B7B75D3007C9401 /* Affiliation.m */; };
		E90A3D2B1B7B75D3007C9401 /* Affiliation.m in Sources */ = {isa = PBXBuildFile; fileRef = E90A3D191B7B75D3007C9401 /* Affiliation.m */; };
		E90A3D2C1B7B75D3007C9401 /* Author.m in Sources */ = {isa = PBXBuildFile; fileRef = E90A3D1B1B7B75D3007C9401 /* Author.m */; };
		E90A3D2D1B7B75D3007C9401 /* Author.m in Sources */ = {isa = PBXBuildFile; fileRef = E90A3D1B1B7B75D3007C9401 /* Author.m */; };
		E90A3D2E1B7B75D3007C9401 /* Conference.m in Sources */ = {isa = PBXBuildFile; fileRef = E90A3D1D1B7B75D3007C9401 /* Conference.m */; };
		E90A3D2F1B7B75D3007C9401 /* Conference.m in Sources */ = {isa = PBXBuildFile; fileRef = E90A3D1D1B7B75D3007C9401 /* Conference.m */; };
		E90A3D301B7B75D3007C9401 /* Correspondence.m in Sources */ = {isa = PBXBuildFile; fileRef = E90A3D1F1B7B75D3007C9401 /* Correspondence.m */; };
		E90A3D311B7B75D3007C9401 /* Correspondence.m in Sources */ = {isa = PBXBuildFile; fileRef = E90A3D1F1B7B75D3007C9401 /* Correspondence.m */; };
		E90A3D321B7B75D3007C9401 /* Figure.m in Sources */ = {isa = PBXBuildFile; fileRef = E90A3D211B7B75D3007C9401 /* Figure.m */; };
		E90A3D331B7B75D3007C9401 /* Figure.m in Sources */ = {isa = PBXBuildFile; fileRef = E90A3D211B7B75D3007C9401 /* Figure.m */; };
		E90A3D341B7B75D3007C9401 /* Group.m in Sources */ = {isa = PBXBuildFile; fileRef = E90A3D231B7B75D3007C9401 /* Group.m */; };
		E90A3D351B7B75D3007C9401 /* Group.m in Sources */ = {isa = PBXBuildFile; fileRef = E90A3D231B7B75D3007C9401 /* Group.m */; };
		E90A3D361B7B75D3007C9401 /* Organization.m in Sources */ = {isa = PBXBuildFile; fileRef = E90A3D251B7B75D3007C9401 /* Organization.m */; };
		E90A3D371B7B75D3007C9401 /* Organization.m in Sources */ = {isa = PBXBuildFile; fileRef = E90A3D251B7B75D3007C9401 /* Organization.m */; };
		E90A3D381B7B75D3007C9401 /* Reference.m in Sources */ = {isa = PBXBuildFile; fileRef = E90A3D271B7B75D3007C9401 /* Reference.m */; };
		E90A3D391B7B75D3007C9401 /* Reference.m in Sources */ = {isa = PBXBuildFile; fileRef = E90A3D271B7B75D3007C9401 /* Reference.m */; };
		E90A3D3D1B7B79A6007C9401 /* ConferenceController.m in Sources */ = {isa = PBXBuildFile; fileRef = E90A3D3B1B7B79A6007C9401 /* ConferenceController.m */; };
		E90A3D3E1B7B79A6007C9401 /* ConferenceController.xib in Resources */ = {isa = PBXBuildFile; fileRef = E90A3D3C1B7B79A6007C9401 /* ConferenceController.xib */; };
		E90A3D421B7B8530007C9401 /* LaunchScreen.xib in Resources */ = {isa = PBXBuildFile; fileRef = E90A3D411B7B8530007C9401 /* LaunchScreen.xib */; };
		E91104F71B97402700E4E457 /* MathJax in Resources */ = {isa = PBXBuildFile; fileRef = E91104F61B97402700E4E457 /* MathJax */; };
		E9216DE017E74D1B0013973B /* Images.xcassets in Resources */ = {isa = PBXBuildFile; fileRef = E9216DDF17E74D1B0013973B /* Images.xcassets */; };
		E9216E6D17E8EAC70013973B /* Abstracts.xcdatamodeld in Sources */ = {isa = PBXBuildFile; fileRef = E9216E6B17E8EAC70013973B /* Abstracts.xcdatamodeld */; };
		E96241F819A3814900B189D6 /* Author+Format.m in Sources */ = {isa = PBXBuildFile; fileRef = E96241F719A3814900B189D6 /* Author+Format.m */; };
		E96241FB19A3816900B189D6 /* Organization+Format.m in Sources */ = {isa = PBXBuildFile; fileRef = E96241FA19A3816900B189D6 /* Organization+Format.m */; };
		E962420519A38A4800B189D6 /* main.m in Sources */ = {isa = PBXBuildFile; fileRef = E962420419A38A4800B189D6 /* main.m */; };
		E962420819A38A4800B189D6 /* AppDelegate.m in Sources */ = {isa = PBXBuildFile; fileRef = E962420719A38A4800B189D6 /* AppDelegate.m */; };
		E962420D19A38A4800B189D6 /* Images.xcassets in Resources */ = {isa = PBXBuildFile; fileRef = E962420C19A38A4800B189D6 /* Images.xcassets */; };
		E962421019A38A4800B189D6 /* MainMenu.xib in Resources */ = {isa = PBXBuildFile; fileRef = E962420E19A38A4800B189D6 /* MainMenu.xib */; };
		E962422419A38B1500B189D6 /* Organization+Format.m in Sources */ = {isa = PBXBuildFile; fileRef = E96241FA19A3816900B189D6 /* Organization+Format.m */; };
		E962422619A38B1500B189D6 /* Author+Format.m in Sources */ = {isa = PBXBuildFile; fileRef = E96241F719A3814900B189D6 /* Author+Format.m */; };
		E962423819A38B1500B189D6 /* Abstract+HTML.m in Sources */ = {isa = PBXBuildFile; fileRef = E9D3146D17BFAEFD00DACDB4 /* Abstract+HTML.m */; };
		E962423B19A38B2F00B189D6 /* Abstracts.xcdatamodeld in Sources */ = {isa = PBXBuildFile; fileRef = E9216E6B17E8EAC70013973B /* Abstracts.xcdatamodeld */; };
		E962423F19A38B5700B189D6 /* WebKit.framework in Frameworks */ = {isa = PBXBuildFile; fileRef = E962423E19A38B5700B189D6 /* WebKit.framework */; };
		E962424019A38B6500B189D6 /* Cocoa.framework in Frameworks */ = {isa = PBXBuildFile; fileRef = E962423C19A38B4800B189D6 /* Cocoa.framework */; };
		E962424119A38B8700B189D6 /* Abstract.css in Resources */ = {isa = PBXBuildFile; fileRef = E9938ED6199CD56E003163D5 /* Abstract.css */; };
		E962424419A38BC500B189D6 /* JSONImporter.m in Sources */ = {isa = PBXBuildFile; fileRef = E962424319A38BC500B189D6 /* JSONImporter.m */; };
		E976936419A87A8700320EAD /* Abstract+Format.m in Sources */ = {isa = PBXBuildFile; fileRef = E976936319A87A8700320EAD /* Abstract+Format.m */; };
		E976936519A87A8700320EAD /* Abstract+Format.m in Sources */ = {isa = PBXBuildFile; fileRef = E976936319A87A8700320EAD /* Abstract+Format.m */; };
		E9829D4717C24A490024EBC0 /* G-Node.png in Resources */ = {isa = PBXBuildFile; fileRef = E9829D4517C24A490024EBC0 /* G-Node.png */; };
		E9829D4817C24A490024EBC0 /* G-Node@2x.png in Resources */ = {isa = PBXBuildFile; fileRef = E9829D4617C24A490024EBC0 /* G-Node@2x.png */; };
		E9829D5217C25EED0024EBC0 /* AbstractsSVC.m in Sources */ = {isa = PBXBuildFile; fileRef = E9829D5117C25EED0024EBC0 /* AbstractsSVC.m */; };
		E9938ED7199CD56E003163D5 /* Abstract.css in Resources */ = {isa = PBXBuildFile; fileRef = E9938ED6199CD56E003163D5 /* Abstract.css */; };
		E9938EDF199CDC15003163D5 /* Abstracts.storedata in Resources */ = {isa = PBXBuildFile; fileRef = E9938EDE199CDC15003163D5 /* Abstracts.storedata */; };
		E9AF81CA1B789F7C0002F96D /* (null) in Sources */ = {isa = PBXBuildFile; };
		E9AF81CE1B789F7D0002F96D /* (null) in Sources */ = {isa = PBXBuildFile; };
		E9AF81D61B789F7D0002F96D /* (null) in Sources */ = {isa = PBXBuildFile; };
		E9AF81DA1B789F7D0002F96D /* (null) in Sources */ = {isa = PBXBuildFile; };
		E9AF81DE1B789F7D0002F96D /* (null) in Sources */ = {isa = PBXBuildFile; };
		E9AF81E21B789F7D0002F96D /* (null) in Sources */ = {isa = PBXBuildFile; };
		E9AF81E61B789F7D0002F96D /* (null) in Sources */ = {isa = PBXBuildFile; };
		E9AF81EA1B789F7D0002F96D /* (null) in Sources */ = {isa = PBXBuildFile; };
		E9AF81EE1B78A61E0002F96D /* (null) in Sources */ = {isa = PBXBuildFile; };
		E9AF81EF1B78A61E0002F96D /* (null) in Resources */ = {isa = PBXBuildFile; };
		E9AF81FF1B78FEC90002F96D /* (null) in Sources */ = {isa = PBXBuildFile; };
		E9BD1D871B7C7BD1000F197F /* schedule.json in Resources */ = {isa = PBXBuildFile; fileRef = E9BD1D861B7C7BD1000F197F /* schedule.json */; };
		E9D313C617BF7B3100DACDB4 /* UIKit.framework in Frameworks */ = {isa = PBXBuildFile; fileRef = E9D313C517BF7B3100DACDB4 /* UIKit.framework */; };
		E9D313C817BF7B3100DACDB4 /* Foundation.framework in Frameworks */ = {isa = PBXBuildFile; fileRef = E9D313C717BF7B3100DACDB4 /* Foundation.framework */; };
		E9D313CA17BF7B3100DACDB4 /* CoreGraphics.framework in Frameworks */ = {isa = PBXBuildFile; fileRef = E9D313C917BF7B3100DACDB4 /* CoreGraphics.framework */; };
		E9D313D017BF7B3100DACDB4 /* InfoPlist.strings in Resources */ = {isa = PBXBuildFile; fileRef = E9D313CE17BF7B3100DACDB4 /* InfoPlist.strings */; };
		E9D313D217BF7B3100DACDB4 /* main.m in Sources */ = {isa = PBXBuildFile; fileRef = E9D313D117BF7B3100DACDB4 /* main.m */; };
		E9D313D617BF7B3100DACDB4 /* AppDelegate.m in Sources */ = {isa = PBXBuildFile; fileRef = E9D313D517BF7B3100DACDB4 /* AppDelegate.m */; };
		E9D313DF17BF7B3100DACDB4 /* MainStoryboard_iPhone.storyboard in Resources */ = {isa = PBXBuildFile; fileRef = E9D313DD17BF7B3100DACDB4 /* MainStoryboard_iPhone.storyboard */; };
		E9D313E217BF7B3100DACDB4 /* MainStoryboard_iPad.storyboard in Resources */ = {isa = PBXBuildFile; fileRef = E9D313E017BF7B3100DACDB4 /* MainStoryboard_iPad.storyboard */; };
		E9D3140017BF7BE600DACDB4 /* CKMarkdownParser.m in Sources */ = {isa = PBXBuildFile; fileRef = E9D313F817BF7BE600DACDB4 /* CKMarkdownParser.m */; };
		E9D3140117BF7BE600DACDB4 /* CKMarkdownView.m in Sources */ = {isa = PBXBuildFile; fileRef = E9D313FA17BF7BE600DACDB4 /* CKMarkdownView.m */; };
		E9D3140217BF7BE600DACDB4 /* CKPoiManager.m in Sources */ = {isa = PBXBuildFile; fileRef = E9D313FC17BF7BE600DACDB4 /* CKPoiManager.m */; };
		E9D3140317BF7BE600DACDB4 /* UIColor+ConferenceKit.m in Sources */ = {isa = PBXBuildFile; fileRef = E9D313FF17BF7BE600DACDB4 /* UIColor+ConferenceKit.m */; };
		E9D3140517BF7BFC00DACDB4 /* MapKit.framework in Frameworks */ = {isa = PBXBuildFile; fileRef = E9D3140417BF7BFC00DACDB4 /* MapKit.framework */; };
		E9D3141017BF7C1B00DACDB4 /* autolink.c in Sources */ = {isa = PBXBuildFile; fileRef = E9D3140717BF7C1B00DACDB4 /* autolink.c */; };
		E9D3141117BF7C1B00DACDB4 /* buffer.c in Sources */ = {isa = PBXBuildFile; fileRef = E9D3140917BF7C1B00DACDB4 /* buffer.c */; };
		E9D3141217BF7C1B00DACDB4 /* markdown.c in Sources */ = {isa = PBXBuildFile; fileRef = E9D3140C17BF7C1B00DACDB4 /* markdown.c */; };
		E9D3141317BF7C1B00DACDB4 /* stack.c in Sources */ = {isa = PBXBuildFile; fileRef = E9D3140E17BF7C1B00DACDB4 /* stack.c */; };
		E9D3141617BF7C8D00DACDB4 /* InfoVC.m in Sources */ = {isa = PBXBuildFile; fileRef = E9D3141517BF7C8D00DACDB4 /* InfoVC.m */; };
		E9D3141C17BF7D4F00DACDB4 /* info.md in Resources */ = {isa = PBXBuildFile; fileRef = E9D3141917BF7D4F00DACDB4 /* info.md */; };
		E9D3141D17BF7D4F00DACDB4 /* map.json in Resources */ = {isa = PBXBuildFile; fileRef = E9D3141A17BF7D4F00DACDB4 /* map.json */; };
		E9D3142017BF7D7000DACDB4 /* CoreText.framework in Frameworks */ = {isa = PBXBuildFile; fileRef = E9D3141F17BF7D7000DACDB4 /* CoreText.framework */; };
		E9D3143117BF875500DACDB4 /* 00-StarFilled@2x.png in Resources */ = {isa = PBXBuildFile; fileRef = E9D3142217BF875500DACDB4 /* 00-StarFilled@2x.png */; };
		E9D3143217BF875500DACDB4 /* 01-Location-Arrow.png in Resources */ = {isa = PBXBuildFile; fileRef = E9D3142317BF875500DACDB4 /* 01-Location-Arrow.png */; };
		E9D3143317BF875500DACDB4 /* 01-Location-Arrow@2x.png in Resources */ = {isa = PBXBuildFile; fileRef = E9D3142417BF875500DACDB4 /* 01-Location-Arrow@2x.png */; };
		E9D3143417BF875500DACDB4 /* 02-Calendar.png in Resources */ = {isa = PBXBuildFile; fileRef = E9D3142517BF875500DACDB4 /* 02-Calendar.png */; };
		E9D3143517BF875500DACDB4 /* 02-Calendar@2x.png in Resources */ = {isa = PBXBuildFile; fileRef = E9D3142617BF875500DACDB4 /* 02-Calendar@2x.png */; };
		E9D3143617BF875500DACDB4 /* 03-Path.png in Resources */ = {isa = PBXBuildFile; fileRef = E9D3142717BF875500DACDB4 /* 03-Path.png */; };
		E9D3143717BF875500DACDB4 /* 03-Path@2x.png in Resources */ = {isa = PBXBuildFile; fileRef = E9D3142817BF875500DACDB4 /* 03-Path@2x.png */; };
		E9D3143817BF875500DACDB4 /* 04-Home.png in Resources */ = {isa = PBXBuildFile; fileRef = E9D3142917BF875500DACDB4 /* 04-Home.png */; };
		E9D3143917BF875500DACDB4 /* 04-Home@2x.png in Resources */ = {isa = PBXBuildFile; fileRef = E9D3142A17BF875500DACDB4 /* 04-Home@2x.png */; };
		E9D3143A17BF875500DACDB4 /* 05-Notebook.png in Resources */ = {isa = PBXBuildFile; fileRef = E9D3142B17BF875500DACDB4 /* 05-Notebook.png */; };
		E9D3143B17BF875500DACDB4 /* 05-Notebook@2x.png in Resources */ = {isa = PBXBuildFile; fileRef = E9D3142C17BF875500DACDB4 /* 05-Notebook@2x.png */; };
		E9D3143C17BF875500DACDB4 /* 06-Next.png in Resources */ = {isa = PBXBuildFile; fileRef = E9D3142D17BF875500DACDB4 /* 06-Next.png */; };
		E9D3143D17BF875500DACDB4 /* 06-Next@2x.png in Resources */ = {isa = PBXBuildFile; fileRef = E9D3142E17BF875500DACDB4 /* 06-Next@2x.png */; };
		E9D3143E17BF875500DACDB4 /* 07-Previous.png in Resources */ = {isa = PBXBuildFile; fileRef = E9D3142F17BF875500DACDB4 /* 07-Previous.png */; };
		E9D3143F17BF875500DACDB4 /* 07-Previous@2x.png in Resources */ = {isa = PBXBuildFile; fileRef = E9D3143017BF875500DACDB4 /* 07-Previous@2x.png */; };
		E9D3144217BF880600DACDB4 /* MapVC.m in Sources */ = {isa = PBXBuildFile; fileRef = E9D3144117BF880600DACDB4 /* MapVC.m */; };
		E9D3145A17BF8BE200DACDB4 /* CoreData.framework in Frameworks */ = {isa = PBXBuildFile; fileRef = E9D3145917BF8BE200DACDB4 /* CoreData.framework */; };
		E9D3145F17BF8CF200DACDB4 /* CKDataStore.m in Sources */ = {isa = PBXBuildFile; fileRef = E9D3145E17BF8CF200DACDB4 /* CKDataStore.m */; };
		E9D3146217BF9EFF00DACDB4 /* AbstractsListTVC.m in Sources */ = {isa = PBXBuildFile; fileRef = E9D3146117BF9EFF00DACDB4 /* AbstractsListTVC.m */; };
		E9D3146517BF9F7800DACDB4 /* AbstractInfoCell.xib in Resources */ = {isa = PBXBuildFile; fileRef = E9D3146417BF9F7800DACDB4 /* AbstractInfoCell.xib */; };
		E9D3146817BFA1B800DACDB4 /* AbstractInfoCell.m in Sources */ = {isa = PBXBuildFile; fileRef = E9D3146717BFA1B800DACDB4 /* AbstractInfoCell.m */; };
		E9D3146B17BFAEB500DACDB4 /* AbstractVC.m in Sources */ = {isa = PBXBuildFile; fileRef = E9D3146A17BFAEB400DACDB4 /* AbstractVC.m */; };
		E9D3146E17BFAEFD00DACDB4 /* Abstract+HTML.m in Sources */ = {isa = PBXBuildFile; fileRef = E9D3146D17BFAEFD00DACDB4 /* Abstract+HTML.m */; };
		E9D3147517BFB03E00DACDB4 /* 00-Star.png in Resources */ = {isa = PBXBuildFile; fileRef = E9D3147217BFB03E00DACDB4 /* 00-Star.png */; };
		E9D3147617BFB03E00DACDB4 /* 00-Star@2x.png in Resources */ = {isa = PBXBuildFile; fileRef = E9D3147317BFB03E00DACDB4 /* 00-Star@2x.png */; };
		E9D3147717BFB03E00DACDB4 /* 00-StarFilled.png in Resources */ = {isa = PBXBuildFile; fileRef = E9D3147417BFB03E00DACDB4 /* 00-StarFilled.png */; };
		E9D3147E17C019CC00DACDB4 /* 00-StarWhite.png in Resources */ = {isa = PBXBuildFile; fileRef = E9D3147A17C019CC00DACDB4 /* 00-StarWhite.png */; };
		E9D3147F17C019CC00DACDB4 /* 00-StarWhite@2x.png in Resources */ = {isa = PBXBuildFile; fileRef = E9D3147B17C019CC00DACDB4 /* 00-StarWhite@2x.png */; };
		E9D3148017C019CC00DACDB4 /* 00-StarWhiteFilled.png in Resources */ = {isa = PBXBuildFile; fileRef = E9D3147C17C019CC00DACDB4 /* 00-StarWhiteFilled.png */; };
		E9D3148117C019CC00DACDB4 /* 00-StarWhiteFilled@2x.png in Resources */ = {isa = PBXBuildFile; fileRef = E9D3147D17C019CC00DACDB4 /* 00-StarWhiteFilled@2x.png */; };
		E9D3148417C0A39800DACDB4 /* ProgramRootVC.m in Sources */ = {isa = PBXBuildFile; fileRef = E9D3148317C0A39800DACDB4 /* ProgramRootVC.m */; };
		E9D3148717C0A62400DACDB4 /* ProgramPointCell.m in Sources */ = {isa = PBXBuildFile; fileRef = E9D3148617C0A62400DACDB4 /* ProgramPointCell.m */; };
		E9D3148917C0A63C00DACDB4 /* ProgramPointCell.xib in Resources */ = {isa = PBXBuildFile; fileRef = E9D3148817C0A63C00DACDB4 /* ProgramPointCell.xib */; };
		E9D3148D17C0A6C200DACDB4 /* ProgramDayTVC.m in Sources */ = {isa = PBXBuildFile; fileRef = E9D3148B17C0A6C200DACDB4 /* ProgramDayTVC.m */; };
		E9D3148E17C0A6C200DACDB4 /* ProgramDayTVC.xib in Resources */ = {isa = PBXBuildFile; fileRef = E9D3148C17C0A6C200DACDB4 /* ProgramDayTVC.xib */; };
		E9E3A5311B7C9DAF00919B6C /* CKSchedule.m in Sources */ = {isa = PBXBuildFile; fileRef = E9BD1D801B791B1B000F197F /* CKSchedule.m */; };
/* End PBXBuildFile section */

/* Begin PBXFileReference section */
		E90A3D161B7B75D3007C9401 /* Abstract.h */ = {isa = PBXFileReference; fileEncoding = 4; lastKnownFileType = sourcecode.c.h; name = Abstract.h; path = AbstractModel/Abstract.h; sourceTree = "<group>"; };
		E90A3D171B7B75D3007C9401 /* Abstract.m */ = {isa = PBXFileReference; fileEncoding = 4; lastKnownFileType = sourcecode.c.objc; name = Abstract.m; path = AbstractModel/Abstract.m; sourceTree = "<group>"; };
		E90A3D181B7B75D3007C9401 /* Affiliation.h */ = {isa = PBXFileReference; fileEncoding = 4; lastKnownFileType = sourcecode.c.h; name = Affiliation.h; path = AbstractModel/Affiliation.h; sourceTree = "<group>"; };
		E90A3D191B7B75D3007C9401 /* Affiliation.m */ = {isa = PBXFileReference; fileEncoding = 4; lastKnownFileType = sourcecode.c.objc; name = Affiliation.m; path = AbstractModel/Affiliation.m; sourceTree = "<group>"; };
		E90A3D1A1B7B75D3007C9401 /* Author.h */ = {isa = PBXFileReference; fileEncoding = 4; lastKnownFileType = sourcecode.c.h; name = Author.h; path = AbstractModel/Author.h; sourceTree = "<group>"; };
		E90A3D1B1B7B75D3007C9401 /* Author.m */ = {isa = PBXFileReference; fileEncoding = 4; lastKnownFileType = sourcecode.c.objc; name = Author.m; path = AbstractModel/Author.m; sourceTree = "<group>"; };
		E90A3D1C1B7B75D3007C9401 /* Conference.h */ = {isa = PBXFileReference; fileEncoding = 4; lastKnownFileType = sourcecode.c.h; name = Conference.h; path = AbstractModel/Conference.h; sourceTree = "<group>"; };
		E90A3D1D1B7B75D3007C9401 /* Conference.m */ = {isa = PBXFileReference; fileEncoding = 4; lastKnownFileType = sourcecode.c.objc; name = Conference.m; path = AbstractModel/Conference.m; sourceTree = "<group>"; };
		E90A3D1E1B7B75D3007C9401 /* Correspondence.h */ = {isa = PBXFileReference; fileEncoding = 4; lastKnownFileType = sourcecode.c.h; name = Correspondence.h; path = AbstractModel/Correspondence.h; sourceTree = "<group>"; };
		E90A3D1F1B7B75D3007C9401 /* Correspondence.m */ = {isa = PBXFileReference; fileEncoding = 4; lastKnownFileType = sourcecode.c.objc; name = Correspondence.m; path = AbstractModel/Correspondence.m; sourceTree = "<group>"; };
		E90A3D201B7B75D3007C9401 /* Figure.h */ = {isa = PBXFileReference; fileEncoding = 4; lastKnownFileType = sourcecode.c.h; name = Figure.h; path = AbstractModel/Figure.h; sourceTree = "<group>"; };
		E90A3D211B7B75D3007C9401 /* Figure.m */ = {isa = PBXFileReference; fileEncoding = 4; lastKnownFileType = sourcecode.c.objc; name = Figure.m; path = AbstractModel/Figure.m; sourceTree = "<group>"; };
		E90A3D221B7B75D3007C9401 /* Group.h */ = {isa = PBXFileReference; fileEncoding = 4; lastKnownFileType = sourcecode.c.h; name = Group.h; path = AbstractModel/Group.h; sourceTree = "<group>"; };
		E90A3D231B7B75D3007C9401 /* Group.m */ = {isa = PBXFileReference; fileEncoding = 4; lastKnownFileType = sourcecode.c.objc; name = Group.m; path = AbstractModel/Group.m; sourceTree = "<group>"; };
		E90A3D241B7B75D3007C9401 /* Organization.h */ = {isa = PBXFileReference; fileEncoding = 4; lastKnownFileType = sourcecode.c.h; name = Organization.h; path = AbstractModel/Organization.h; sourceTree = "<group>"; };
		E90A3D251B7B75D3007C9401 /* Organization.m */ = {isa = PBXFileReference; fileEncoding = 4; lastKnownFileType = sourcecode.c.objc; name = Organization.m; path = AbstractModel/Organization.m; sourceTree = "<group>"; };
		E90A3D261B7B75D3007C9401 /* Reference.h */ = {isa = PBXFileReference; fileEncoding = 4; lastKnownFileType = sourcecode.c.h; name = Reference.h; path = AbstractModel/Reference.h; sourceTree = "<group>"; };
		E90A3D271B7B75D3007C9401 /* Reference.m */ = {isa = PBXFileReference; fileEncoding = 4; lastKnownFileType = sourcecode.c.objc; name = Reference.m; path = AbstractModel/Reference.m; sourceTree = "<group>"; };
		E90A3D3A1B7B79A6007C9401 /* ConferenceController.h */ = {isa = PBXFileReference; fileEncoding = 4; lastKnownFileType = sourcecode.c.h; path = ConferenceController.h; sourceTree = "<group>"; };
		E90A3D3B1B7B79A6007C9401 /* ConferenceController.m */ = {isa = PBXFileReference; fileEncoding = 4; lastKnownFileType = sourcecode.c.objc; path = ConferenceController.m; sourceTree = "<group>"; };
		E90A3D3C1B7B79A6007C9401 /* ConferenceController.xib */ = {isa = PBXFileReference; fileEncoding = 4; lastKnownFileType = file.xib; path = ConferenceController.xib; sourceTree = "<group>"; };
		E90A3D411B7B8530007C9401 /* LaunchScreen.xib */ = {isa = PBXFileReference; fileEncoding = 4; lastKnownFileType = file.xib; path = LaunchScreen.xib; sourceTree = "<group>"; };
		E91104F61B97402700E4E457 /* MathJax */ = {isa = PBXFileReference; lastKnownFileType = folder; path = MathJax; sourceTree = SOURCE_ROOT; };
		E9216DDF17E74D1B0013973B /* Images.xcassets */ = {isa = PBXFileReference; lastKnownFileType = folder.assetcatalog; path = Images.xcassets; sourceTree = SOURCE_ROOT; };
		E9216E6C17E8EAC70013973B /* Abstracts.xcdatamodel */ = {isa = PBXFileReference; lastKnownFileType = wrapper.xcdatamodel; path = Abstracts.xcdatamodel; sourceTree = "<group>"; };
		E96241F619A3814900B189D6 /* Author+Format.h */ = {isa = PBXFileReference; fileEncoding = 4; lastKnownFileType = sourcecode.c.h; name = "Author+Format.h"; path = "AbstractModel/Author+Format.h"; sourceTree = "<group>"; };
		E96241F719A3814900B189D6 /* Author+Format.m */ = {isa = PBXFileReference; fileEncoding = 4; lastKnownFileType = sourcecode.c.objc; name = "Author+Format.m"; path = "AbstractModel/Author+Format.m"; sourceTree = "<group>"; };
		E96241F919A3816900B189D6 /* Organization+Format.h */ = {isa = PBXFileReference; fileEncoding = 4; lastKnownFileType = sourcecode.c.h; name = "Organization+Format.h"; path = "AbstractModel/Organization+Format.h"; sourceTree = "<group>"; };
		E96241FA19A3816900B189D6 /* Organization+Format.m */ = {isa = PBXFileReference; fileEncoding = 4; lastKnownFileType = sourcecode.c.objc; name = "Organization+Format.m"; path = "AbstractModel/Organization+Format.m"; sourceTree = "<group>"; };
		E962420019A38A4800B189D6 /* GCAManager.app */ = {isa = PBXFileReference; explicitFileType = wrapper.application; includeInIndex = 0; path = GCAManager.app; sourceTree = BUILT_PRODUCTS_DIR; };
		E962420319A38A4800B189D6 /* Info.plist */ = {isa = PBXFileReference; lastKnownFileType = text.plist.xml; path = Info.plist; sourceTree = "<group>"; };
		E962420419A38A4800B189D6 /* main.m */ = {isa = PBXFileReference; lastKnownFileType = sourcecode.c.objc; path = main.m; sourceTree = "<group>"; };
		E962420619A38A4800B189D6 /* AppDelegate.h */ = {isa = PBXFileReference; lastKnownFileType = sourcecode.c.h; path = AppDelegate.h; sourceTree = "<group>"; };
		E962420719A38A4800B189D6 /* AppDelegate.m */ = {isa = PBXFileReference; lastKnownFileType = sourcecode.c.objc; path = AppDelegate.m; sourceTree = "<group>"; };
		E962420C19A38A4800B189D6 /* Images.xcassets */ = {isa = PBXFileReference; lastKnownFileType = folder.assetcatalog; path = Images.xcassets; sourceTree = "<group>"; };
		E962420F19A38A4800B189D6 /* Base */ = {isa = PBXFileReference; lastKnownFileType = file.xib; name = Base; path = Base.lproj/MainMenu.xib; sourceTree = "<group>"; };
		E962423C19A38B4800B189D6 /* Cocoa.framework */ = {isa = PBXFileReference; lastKnownFileType = wrapper.framework; name = Cocoa.framework; path = Platforms/MacOSX.platform/Developer/SDKs/MacOSX10.10.sdk/System/Library/Frameworks/Cocoa.framework; sourceTree = DEVELOPER_DIR; };
		E962423E19A38B5700B189D6 /* WebKit.framework */ = {isa = PBXFileReference; lastKnownFileType = wrapper.framework; name = WebKit.framework; path = Platforms/MacOSX.platform/Developer/SDKs/MacOSX10.10.sdk/System/Library/Frameworks/WebKit.framework; sourceTree = DEVELOPER_DIR; };
		E962424219A38BC500B189D6 /* JSONImporter.h */ = {isa = PBXFileReference; fileEncoding = 4; lastKnownFileType = sourcecode.c.h; path = JSONImporter.h; sourceTree = "<group>"; };
		E962424319A38BC500B189D6 /* JSONImporter.m */ = {isa = PBXFileReference; fileEncoding = 4; lastKnownFileType = sourcecode.c.objc; path = JSONImporter.m; sourceTree = "<group>"; };
		E976936219A87A8700320EAD /* Abstract+Format.h */ = {isa = PBXFileReference; fileEncoding = 4; lastKnownFileType = sourcecode.c.h; name = "Abstract+Format.h"; path = "AbstractModel/Abstract+Format.h"; sourceTree = "<group>"; };
		E976936319A87A8700320EAD /* Abstract+Format.m */ = {isa = PBXFileReference; fileEncoding = 4; lastKnownFileType = sourcecode.c.objc; name = "Abstract+Format.m"; path = "AbstractModel/Abstract+Format.m"; sourceTree = "<group>"; };
		E9829D4517C24A490024EBC0 /* G-Node.png */ = {isa = PBXFileReference; lastKnownFileType = image.png; name = "G-Node.png"; path = "Artwork/G-Node.png"; sourceTree = SOURCE_ROOT; };
		E9829D4617C24A490024EBC0 /* G-Node@2x.png */ = {isa = PBXFileReference; lastKnownFileType = image.png; name = "G-Node@2x.png"; path = "Artwork/G-Node@2x.png"; sourceTree = SOURCE_ROOT; };
		E9829D5017C25EED0024EBC0 /* AbstractsSVC.h */ = {isa = PBXFileReference; fileEncoding = 4; lastKnownFileType = sourcecode.c.h; path = AbstractsSVC.h; sourceTree = "<group>"; };
		E9829D5117C25EED0024EBC0 /* AbstractsSVC.m */ = {isa = PBXFileReference; fileEncoding = 4; lastKnownFileType = sourcecode.c.objc; path = AbstractsSVC.m; sourceTree = "<group>"; };
		E9829EC117C2C11A0024EBC0 /* ProgramEventView.h */ = {isa = PBXFileReference; fileEncoding = 4; lastKnownFileType = sourcecode.c.h; path = ProgramEventView.h; sourceTree = "<group>"; };
		E9938ED6199CD56E003163D5 /* Abstract.css */ = {isa = PBXFileReference; fileEncoding = 4; lastKnownFileType = text.css; path = Abstract.css; sourceTree = SOURCE_ROOT; };
		E9938EDE199CDC15003163D5 /* Abstracts.storedata */ = {isa = PBXFileReference; lastKnownFileType = file; path = Abstracts.storedata; sourceTree = SOURCE_ROOT; };
		E9BD1D7F1B791B1B000F197F /* CKSchedule.h */ = {isa = PBXFileReference; fileEncoding = 4; lastKnownFileType = sourcecode.c.h; name = CKSchedule.h; path = ConferenceKit/CKSchedule.h; sourceTree = "<group>"; };
		E9BD1D801B791B1B000F197F /* CKSchedule.m */ = {isa = PBXFileReference; fileEncoding = 4; lastKnownFileType = sourcecode.c.objc; name = CKSchedule.m; path = ConferenceKit/CKSchedule.m; sourceTree = "<group>"; };
		E9BD1D861B7C7BD1000F197F /* schedule.json */ = {isa = PBXFileReference; fileEncoding = 4; lastKnownFileType = text.json; path = schedule.json; sourceTree = SOURCE_ROOT; };
		E9D313C217BF7B3100DACDB4 /* GCA.app */ = {isa = PBXFileReference; explicitFileType = wrapper.application; includeInIndex = 0; path = GCA.app; sourceTree = BUILT_PRODUCTS_DIR; };
		E9D313C517BF7B3100DACDB4 /* UIKit.framework */ = {isa = PBXFileReference; lastKnownFileType = wrapper.framework; name = UIKit.framework; path = System/Library/Frameworks/UIKit.framework; sourceTree = SDKROOT; };
		E9D313C717BF7B3100DACDB4 /* Foundation.framework */ = {isa = PBXFileReference; lastKnownFileType = wrapper.framework; name = Foundation.framework; path = System/Library/Frameworks/Foundation.framework; sourceTree = SDKROOT; };
		E9D313C917BF7B3100DACDB4 /* CoreGraphics.framework */ = {isa = PBXFileReference; lastKnownFileType = wrapper.framework; name = CoreGraphics.framework; path = System/Library/Frameworks/CoreGraphics.framework; sourceTree = SDKROOT; };
		E9D313CD17BF7B3100DACDB4 /* GCA-Info.plist */ = {isa = PBXFileReference; lastKnownFileType = text.plist.xml; path = "GCA-Info.plist"; sourceTree = "<group>"; };
		E9D313CF17BF7B3100DACDB4 /* en */ = {isa = PBXFileReference; lastKnownFileType = text.plist.strings; name = en; path = en.lproj/InfoPlist.strings; sourceTree = "<group>"; };
		E9D313D117BF7B3100DACDB4 /* main.m */ = {isa = PBXFileReference; lastKnownFileType = sourcecode.c.objc; path = main.m; sourceTree = "<group>"; };
		E9D313D317BF7B3100DACDB4 /* GCA-Prefix.pch */ = {isa = PBXFileReference; lastKnownFileType = sourcecode.c.h; path = "GCA-Prefix.pch"; sourceTree = "<group>"; };
		E9D313D417BF7B3100DACDB4 /* AppDelegate.h */ = {isa = PBXFileReference; lastKnownFileType = sourcecode.c.h; path = AppDelegate.h; sourceTree = "<group>"; };
		E9D313D517BF7B3100DACDB4 /* AppDelegate.m */ = {isa = PBXFileReference; lastKnownFileType = sourcecode.c.objc; path = AppDelegate.m; sourceTree = "<group>"; };
		E9D313DE17BF7B3100DACDB4 /* en */ = {isa = PBXFileReference; lastKnownFileType = file.storyboard; name = en; path = en.lproj/MainStoryboard_iPhone.storyboard; sourceTree = "<group>"; };
		E9D313E117BF7B3100DACDB4 /* en */ = {isa = PBXFileReference; lastKnownFileType = file.storyboard; name = en; path = en.lproj/MainStoryboard_iPad.storyboard; sourceTree = "<group>"; };
		E9D313F717BF7BE600DACDB4 /* CKMarkdownParser.h */ = {isa = PBXFileReference; fileEncoding = 4; lastKnownFileType = sourcecode.c.h; name = CKMarkdownParser.h; path = ConferenceKit/CKMarkdownParser.h; sourceTree = "<group>"; };
		E9D313F817BF7BE600DACDB4 /* CKMarkdownParser.m */ = {isa = PBXFileReference; fileEncoding = 4; lastKnownFileType = sourcecode.c.objc; name = CKMarkdownParser.m; path = ConferenceKit/CKMarkdownParser.m; sourceTree = "<group>"; };
		E9D313F917BF7BE600DACDB4 /* CKMarkdownView.h */ = {isa = PBXFileReference; fileEncoding = 4; lastKnownFileType = sourcecode.c.h; name = CKMarkdownView.h; path = ConferenceKit/CKMarkdownView.h; sourceTree = "<group>"; };
		E9D313FA17BF7BE600DACDB4 /* CKMarkdownView.m */ = {isa = PBXFileReference; fileEncoding = 4; lastKnownFileType = sourcecode.c.objc; name = CKMarkdownView.m; path = ConferenceKit/CKMarkdownView.m; sourceTree = "<group>"; };
		E9D313FB17BF7BE600DACDB4 /* CKPoiManager.h */ = {isa = PBXFileReference; fileEncoding = 4; lastKnownFileType = sourcecode.c.h; name = CKPoiManager.h; path = ConferenceKit/CKPoiManager.h; sourceTree = "<group>"; };
		E9D313FC17BF7BE600DACDB4 /* CKPoiManager.m */ = {isa = PBXFileReference; fileEncoding = 4; lastKnownFileType = sourcecode.c.objc; name = CKPoiManager.m; path = ConferenceKit/CKPoiManager.m; sourceTree = "<group>"; };
		E9D313FD17BF7BE600DACDB4 /* ConferenceKit.h */ = {isa = PBXFileReference; fileEncoding = 4; lastKnownFileType = sourcecode.c.h; name = ConferenceKit.h; path = ConferenceKit/ConferenceKit.h; sourceTree = "<group>"; };
		E9D313FE17BF7BE600DACDB4 /* UIColor+ConferenceKit.h */ = {isa = PBXFileReference; fileEncoding = 4; lastKnownFileType = sourcecode.c.h; name = "UIColor+ConferenceKit.h"; path = "ConferenceKit/UIColor+ConferenceKit.h"; sourceTree = "<group>"; };
		E9D313FF17BF7BE600DACDB4 /* UIColor+ConferenceKit.m */ = {isa = PBXFileReference; fileEncoding = 4; lastKnownFileType = sourcecode.c.objc; name = "UIColor+ConferenceKit.m"; path = "ConferenceKit/UIColor+ConferenceKit.m"; sourceTree = "<group>"; };
		E9D3140417BF7BFC00DACDB4 /* MapKit.framework */ = {isa = PBXFileReference; lastKnownFileType = wrapper.framework; name = MapKit.framework; path = System/Library/Frameworks/MapKit.framework; sourceTree = SDKROOT; };
		E9D3140717BF7C1B00DACDB4 /* autolink.c */ = {isa = PBXFileReference; fileEncoding = 4; lastKnownFileType = sourcecode.c.c; name = autolink.c; path = ConferenceKit/sundown/src/autolink.c; sourceTree = "<group>"; };
		E9D3140817BF7C1B00DACDB4 /* autolink.h */ = {isa = PBXFileReference; fileEncoding = 4; lastKnownFileType = sourcecode.c.h; name = autolink.h; path = ConferenceKit/sundown/src/autolink.h; sourceTree = "<group>"; };
		E9D3140917BF7C1B00DACDB4 /* buffer.c */ = {isa = PBXFileReference; fileEncoding = 4; lastKnownFileType = sourcecode.c.c; name = buffer.c; path = ConferenceKit/sundown/src/buffer.c; sourceTree = "<group>"; };
		E9D3140A17BF7C1B00DACDB4 /* buffer.h */ = {isa = PBXFileReference; fileEncoding = 4; lastKnownFileType = sourcecode.c.h; name = buffer.h; path = ConferenceKit/sundown/src/buffer.h; sourceTree = "<group>"; };
		E9D3140B17BF7C1B00DACDB4 /* html_blocks.h */ = {isa = PBXFileReference; fileEncoding = 4; lastKnownFileType = sourcecode.c.h; name = html_blocks.h; path = ConferenceKit/sundown/src/html_blocks.h; sourceTree = "<group>"; };
		E9D3140C17BF7C1B00DACDB4 /* markdown.c */ = {isa = PBXFileReference; fileEncoding = 4; lastKnownFileType = sourcecode.c.c; name = markdown.c; path = ConferenceKit/sundown/src/markdown.c; sourceTree = "<group>"; };
		E9D3140D17BF7C1B00DACDB4 /* markdown.h */ = {isa = PBXFileReference; fileEncoding = 4; lastKnownFileType = sourcecode.c.h; name = markdown.h; path = ConferenceKit/sundown/src/markdown.h; sourceTree = "<group>"; };
		E9D3140E17BF7C1B00DACDB4 /* stack.c */ = {isa = PBXFileReference; fileEncoding = 4; lastKnownFileType = sourcecode.c.c; name = stack.c; path = ConferenceKit/sundown/src/stack.c; sourceTree = "<group>"; };
		E9D3140F17BF7C1B00DACDB4 /* stack.h */ = {isa = PBXFileReference; fileEncoding = 4; lastKnownFileType = sourcecode.c.h; name = stack.h; path = ConferenceKit/sundown/src/stack.h; sourceTree = "<group>"; };
		E9D3141417BF7C8D00DACDB4 /* InfoVC.h */ = {isa = PBXFileReference; fileEncoding = 4; lastKnownFileType = sourcecode.c.h; path = InfoVC.h; sourceTree = "<group>"; };
		E9D3141517BF7C8D00DACDB4 /* InfoVC.m */ = {isa = PBXFileReference; fileEncoding = 4; lastKnownFileType = sourcecode.c.objc; path = InfoVC.m; sourceTree = "<group>"; };
		E9D3141917BF7D4F00DACDB4 /* info.md */ = {isa = PBXFileReference; fileEncoding = 4; lastKnownFileType = text; path = info.md; sourceTree = SOURCE_ROOT; };
		E9D3141A17BF7D4F00DACDB4 /* map.json */ = {isa = PBXFileReference; fileEncoding = 4; lastKnownFileType = text.json; path = map.json; sourceTree = SOURCE_ROOT; };
		E9D3141F17BF7D7000DACDB4 /* CoreText.framework */ = {isa = PBXFileReference; lastKnownFileType = wrapper.framework; name = CoreText.framework; path = System/Library/Frameworks/CoreText.framework; sourceTree = SDKROOT; };
		E9D3142217BF875500DACDB4 /* 00-StarFilled@2x.png */ = {isa = PBXFileReference; lastKnownFileType = image.png; name = "00-StarFilled@2x.png"; path = "Artwork/00-StarFilled@2x.png"; sourceTree = SOURCE_ROOT; };
		E9D3142317BF875500DACDB4 /* 01-Location-Arrow.png */ = {isa = PBXFileReference; lastKnownFileType = image.png; name = "01-Location-Arrow.png"; path = "Artwork/01-Location-Arrow.png"; sourceTree = SOURCE_ROOT; };
		E9D3142417BF875500DACDB4 /* 01-Location-Arrow@2x.png */ = {isa = PBXFileReference; lastKnownFileType = image.png; name = "01-Location-Arrow@2x.png"; path = "Artwork/01-Location-Arrow@2x.png"; sourceTree = SOURCE_ROOT; };
		E9D3142517BF875500DACDB4 /* 02-Calendar.png */ = {isa = PBXFileReference; lastKnownFileType = image.png; name = "02-Calendar.png"; path = "Artwork/02-Calendar.png"; sourceTree = SOURCE_ROOT; };
		E9D3142617BF875500DACDB4 /* 02-Calendar@2x.png */ = {isa = PBXFileReference; lastKnownFileType = image.png; name = "02-Calendar@2x.png"; path = "Artwork/02-Calendar@2x.png"; sourceTree = SOURCE_ROOT; };
		E9D3142717BF875500DACDB4 /* 03-Path.png */ = {isa = PBXFileReference; lastKnownFileType = image.png; name = "03-Path.png"; path = "Artwork/03-Path.png"; sourceTree = SOURCE_ROOT; };
		E9D3142817BF875500DACDB4 /* 03-Path@2x.png */ = {isa = PBXFileReference; lastKnownFileType = image.png; name = "03-Path@2x.png"; path = "Artwork/03-Path@2x.png"; sourceTree = SOURCE_ROOT; };
		E9D3142917BF875500DACDB4 /* 04-Home.png */ = {isa = PBXFileReference; lastKnownFileType = image.png; name = "04-Home.png"; path = "Artwork/04-Home.png"; sourceTree = SOURCE_ROOT; };
		E9D3142A17BF875500DACDB4 /* 04-Home@2x.png */ = {isa = PBXFileReference; lastKnownFileType = image.png; name = "04-Home@2x.png"; path = "Artwork/04-Home@2x.png"; sourceTree = SOURCE_ROOT; };
		E9D3142B17BF875500DACDB4 /* 05-Notebook.png */ = {isa = PBXFileReference; lastKnownFileType = image.png; name = "05-Notebook.png"; path = "Artwork/05-Notebook.png"; sourceTree = SOURCE_ROOT; };
		E9D3142C17BF875500DACDB4 /* 05-Notebook@2x.png */ = {isa = PBXFileReference; lastKnownFileType = image.png; name = "05-Notebook@2x.png"; path = "Artwork/05-Notebook@2x.png"; sourceTree = SOURCE_ROOT; };
		E9D3142D17BF875500DACDB4 /* 06-Next.png */ = {isa = PBXFileReference; lastKnownFileType = image.png; name = "06-Next.png"; path = "Artwork/06-Next.png"; sourceTree = SOURCE_ROOT; };
		E9D3142E17BF875500DACDB4 /* 06-Next@2x.png */ = {isa = PBXFileReference; lastKnownFileType = image.png; name = "06-Next@2x.png"; path = "Artwork/06-Next@2x.png"; sourceTree = SOURCE_ROOT; };
		E9D3142F17BF875500DACDB4 /* 07-Previous.png */ = {isa = PBXFileReference; lastKnownFileType = image.png; name = "07-Previous.png"; path = "Artwork/07-Previous.png"; sourceTree = SOURCE_ROOT; };
		E9D3143017BF875500DACDB4 /* 07-Previous@2x.png */ = {isa = PBXFileReference; lastKnownFileType = image.png; name = "07-Previous@2x.png"; path = "Artwork/07-Previous@2x.png"; sourceTree = SOURCE_ROOT; };
		E9D3144017BF880600DACDB4 /* MapVC.h */ = {isa = PBXFileReference; fileEncoding = 4; lastKnownFileType = sourcecode.c.h; path = MapVC.h; sourceTree = "<group>"; };
		E9D3144117BF880600DACDB4 /* MapVC.m */ = {isa = PBXFileReference; fileEncoding = 4; lastKnownFileType = sourcecode.c.objc; path = MapVC.m; sourceTree = "<group>"; };
		E9D3145917BF8BE200DACDB4 /* CoreData.framework */ = {isa = PBXFileReference; lastKnownFileType = wrapper.framework; name = CoreData.framework; path = System/Library/Frameworks/CoreData.framework; sourceTree = SDKROOT; };
		E9D3145D17BF8CF200DACDB4 /* CKDataStore.h */ = {isa = PBXFileReference; fileEncoding = 4; lastKnownFileType = sourcecode.c.h; name = CKDataStore.h; path = ConferenceKit/CKDataStore.h; sourceTree = "<group>"; };
		E9D3145E17BF8CF200DACDB4 /* CKDataStore.m */ = {isa = PBXFileReference; fileEncoding = 4; lastKnownFileType = sourcecode.c.objc; name = CKDataStore.m; path = ConferenceKit/CKDataStore.m; sourceTree = "<group>"; };
		E9D3146017BF9EFF00DACDB4 /* AbstractsListTVC.h */ = {isa = PBXFileReference; fileEncoding = 4; lastKnownFileType = sourcecode.c.h; path = AbstractsListTVC.h; sourceTree = "<group>"; };
		E9D3146117BF9EFF00DACDB4 /* AbstractsListTVC.m */ = {isa = PBXFileReference; fileEncoding = 4; lastKnownFileType = sourcecode.c.objc; path = AbstractsListTVC.m; sourceTree = "<group>"; };
		E9D3146417BF9F7800DACDB4 /* AbstractInfoCell.xib */ = {isa = PBXFileReference; fileEncoding = 4; lastKnownFileType = file.xib; path = AbstractInfoCell.xib; sourceTree = "<group>"; };
		E9D3146617BFA1B800DACDB4 /* AbstractInfoCell.h */ = {isa = PBXFileReference; fileEncoding = 4; lastKnownFileType = sourcecode.c.h; path = AbstractInfoCell.h; sourceTree = "<group>"; };
		E9D3146717BFA1B800DACDB4 /* AbstractInfoCell.m */ = {isa = PBXFileReference; fileEncoding = 4; lastKnownFileType = sourcecode.c.objc; path = AbstractInfoCell.m; sourceTree = "<group>"; };
		E9D3146917BFAEB400DACDB4 /* AbstractVC.h */ = {isa = PBXFileReference; fileEncoding = 4; lastKnownFileType = sourcecode.c.h; path = AbstractVC.h; sourceTree = "<group>"; };
		E9D3146A17BFAEB400DACDB4 /* AbstractVC.m */ = {isa = PBXFileReference; fileEncoding = 4; lastKnownFileType = sourcecode.c.objc; path = AbstractVC.m; sourceTree = "<group>"; };
		E9D3146C17BFAEFD00DACDB4 /* Abstract+HTML.h */ = {isa = PBXFileReference; fileEncoding = 4; lastKnownFileType = sourcecode.c.h; name = "Abstract+HTML.h"; path = "AbstractModel/Abstract+HTML.h"; sourceTree = "<group>"; };
		E9D3146D17BFAEFD00DACDB4 /* Abstract+HTML.m */ = {isa = PBXFileReference; fileEncoding = 4; lastKnownFileType = sourcecode.c.objc; name = "Abstract+HTML.m"; path = "AbstractModel/Abstract+HTML.m"; sourceTree = "<group>"; };
		E9D3147217BFB03E00DACDB4 /* 00-Star.png */ = {isa = PBXFileReference; lastKnownFileType = image.png; name = "00-Star.png"; path = "Artwork/00-Star.png"; sourceTree = SOURCE_ROOT; };
		E9D3147317BFB03E00DACDB4 /* 00-Star@2x.png */ = {isa = PBXFileReference; lastKnownFileType = image.png; name = "00-Star@2x.png"; path = "Artwork/00-Star@2x.png"; sourceTree = SOURCE_ROOT; };
		E9D3147417BFB03E00DACDB4 /* 00-StarFilled.png */ = {isa = PBXFileReference; lastKnownFileType = image.png; name = "00-StarFilled.png"; path = "Artwork/00-StarFilled.png"; sourceTree = SOURCE_ROOT; };
		E9D3147A17C019CC00DACDB4 /* 00-StarWhite.png */ = {isa = PBXFileReference; lastKnownFileType = image.png; name = "00-StarWhite.png"; path = "Artwork/00-StarWhite.png"; sourceTree = SOURCE_ROOT; };
		E9D3147B17C019CC00DACDB4 /* 00-StarWhite@2x.png */ = {isa = PBXFileReference; lastKnownFileType = image.png; name = "00-StarWhite@2x.png"; path = "Artwork/00-StarWhite@2x.png"; sourceTree = SOURCE_ROOT; };
		E9D3147C17C019CC00DACDB4 /* 00-StarWhiteFilled.png */ = {isa = PBXFileReference; lastKnownFileType = image.png; name = "00-StarWhiteFilled.png"; path = "Artwork/00-StarWhiteFilled.png"; sourceTree = SOURCE_ROOT; };
		E9D3147D17C019CC00DACDB4 /* 00-StarWhiteFilled@2x.png */ = {isa = PBXFileReference; lastKnownFileType = image.png; name = "00-StarWhiteFilled@2x.png"; path = "Artwork/00-StarWhiteFilled@2x.png"; sourceTree = SOURCE_ROOT; };
		E9D3148217C0A39800DACDB4 /* ProgramRootVC.h */ = {isa = PBXFileReference; fileEncoding = 4; lastKnownFileType = sourcecode.c.h; path = ProgramRootVC.h; sourceTree = "<group>"; };
		E9D3148317C0A39800DACDB4 /* ProgramRootVC.m */ = {isa = PBXFileReference; fileEncoding = 4; lastKnownFileType = sourcecode.c.objc; path = ProgramRootVC.m; sourceTree = "<group>"; };
		E9D3148517C0A62400DACDB4 /* ProgramPointCell.h */ = {isa = PBXFileReference; fileEncoding = 4; lastKnownFileType = sourcecode.c.h; path = ProgramPointCell.h; sourceTree = "<group>"; };
		E9D3148617C0A62400DACDB4 /* ProgramPointCell.m */ = {isa = PBXFileReference; fileEncoding = 4; lastKnownFileType = sourcecode.c.objc; path = ProgramPointCell.m; sourceTree = "<group>"; };
		E9D3148817C0A63C00DACDB4 /* ProgramPointCell.xib */ = {isa = PBXFileReference; fileEncoding = 4; lastKnownFileType = file.xib; path = ProgramPointCell.xib; sourceTree = "<group>"; };
		E9D3148A17C0A6C100DACDB4 /* ProgramDayTVC.h */ = {isa = PBXFileReference; fileEncoding = 4; lastKnownFileType = sourcecode.c.h; path = ProgramDayTVC.h; sourceTree = "<group>"; };
		E9D3148B17C0A6C200DACDB4 /* ProgramDayTVC.m */ = {isa = PBXFileReference; fileEncoding = 4; lastKnownFileType = sourcecode.c.objc; path = ProgramDayTVC.m; sourceTree = "<group>"; };
		E9D3148C17C0A6C200DACDB4 /* ProgramDayTVC.xib */ = {isa = PBXFileReference; fileEncoding = 4; lastKnownFileType = file.xib; path = ProgramDayTVC.xib; sourceTree = "<group>"; };
/* End PBXFileReference section */

/* Begin PBXFrameworksBuildPhase section */
		E96241FD19A38A4800B189D6 /* Frameworks */ = {
			isa = PBXFrameworksBuildPhase;
			buildActionMask = 2147483647;
			files = (
				E962424019A38B6500B189D6 /* Cocoa.framework in Frameworks */,
				E962423F19A38B5700B189D6 /* WebKit.framework in Frameworks */,
			);
			runOnlyForDeploymentPostprocessing = 0;
		};
		E9D313BF17BF7B3100DACDB4 /* Frameworks */ = {
			isa = PBXFrameworksBuildPhase;
			buildActionMask = 2147483647;
			files = (
				E9D3145A17BF8BE200DACDB4 /* CoreData.framework in Frameworks */,
				E9D3142017BF7D7000DACDB4 /* CoreText.framework in Frameworks */,
				E9D3140517BF7BFC00DACDB4 /* MapKit.framework in Frameworks */,
				E9D313C617BF7B3100DACDB4 /* UIKit.framework in Frameworks */,
				E9D313C817BF7B3100DACDB4 /* Foundation.framework in Frameworks */,
				E9D313CA17BF7B3100DACDB4 /* CoreGraphics.framework in Frameworks */,
			);
			runOnlyForDeploymentPostprocessing = 0;
		};
/* End PBXFrameworksBuildPhase section */

/* Begin PBXGroup section */
		E962420119A38A4800B189D6 /* GCAManager */ = {
			isa = PBXGroup;
			children = (
				E90A3D3A1B7B79A6007C9401 /* ConferenceController.h */,
				E90A3D3B1B7B79A6007C9401 /* ConferenceController.m */,
				E90A3D3C1B7B79A6007C9401 /* ConferenceController.xib */,
				E962424219A38BC500B189D6 /* JSONImporter.h */,
				E962424319A38BC500B189D6 /* JSONImporter.m */,
				E962420619A38A4800B189D6 /* AppDelegate.h */,
				E962420719A38A4800B189D6 /* AppDelegate.m */,
				E962420C19A38A4800B189D6 /* Images.xcassets */,
				E962420E19A38A4800B189D6 /* MainMenu.xib */,
				E962420219A38A4800B189D6 /* Supporting Files */,
			);
			path = GCAManager;
			sourceTree = "<group>";
		};
		E962420219A38A4800B189D6 /* Supporting Files */ = {
			isa = PBXGroup;
			children = (
				E962420319A38A4800B189D6 /* Info.plist */,
				E962420419A38A4800B189D6 /* main.m */,
			);
			name = "Supporting Files";
			sourceTree = "<group>";
		};
		E9D313B917BF7B3100DACDB4 = {
			isa = PBXGroup;
			children = (
				E9D3142117BF86D800DACDB4 /* Images */,
				E9D313CB17BF7B3100DACDB4 /* Source */,
				E9D3141817BF7D1600DACDB4 /* Resources */,
				E962420119A38A4800B189D6 /* GCAManager */,
				E9D313C417BF7B3100DACDB4 /* Frameworks */,
				E9D313C317BF7B3100DACDB4 /* Products */,
			);
			sourceTree = "<group>";
		};
		E9D313C317BF7B3100DACDB4 /* Products */ = {
			isa = PBXGroup;
			children = (
				E9D313C217BF7B3100DACDB4 /* GCA.app */,
				E962420019A38A4800B189D6 /* GCAManager.app */,
			);
			name = Products;
			sourceTree = "<group>";
		};
		E9D313C417BF7B3100DACDB4 /* Frameworks */ = {
			isa = PBXGroup;
			children = (
				E962423C19A38B4800B189D6 /* Cocoa.framework */,
				E962423E19A38B5700B189D6 /* WebKit.framework */,
				E9D3145917BF8BE200DACDB4 /* CoreData.framework */,
				E9D3141F17BF7D7000DACDB4 /* CoreText.framework */,
				E9D3140417BF7BFC00DACDB4 /* MapKit.framework */,
				E9D313C517BF7B3100DACDB4 /* UIKit.framework */,
				E9D313C717BF7B3100DACDB4 /* Foundation.framework */,
				E9D313C917BF7B3100DACDB4 /* CoreGraphics.framework */,
			);
			name = Frameworks;
			sourceTree = "<group>";
		};
		E9D313CB17BF7B3100DACDB4 /* Source */ = {
			isa = PBXGroup;
			children = (
				E9D3144317BF8B8400DACDB4 /* AbstractModel */,
				E9D313F617BF7BD000DACDB4 /* ConferenceKit */,
				E9D3146317BF9F3800DACDB4 /* Views */,
				E9D3141717BF7C9900DACDB4 /* Controller */,
				E9D313D417BF7B3100DACDB4 /* AppDelegate.h */,
				E9D313D517BF7B3100DACDB4 /* AppDelegate.m */,
				E90A3D411B7B8530007C9401 /* LaunchScreen.xib */,
				E9D313DD17BF7B3100DACDB4 /* MainStoryboard_iPhone.storyboard */,
				E9D313E017BF7B3100DACDB4 /* MainStoryboard_iPad.storyboard */,
				E9D313CC17BF7B3100DACDB4 /* Supporting Files */,
			);
			path = Source;
			sourceTree = "<group>";
		};
		E9D313CC17BF7B3100DACDB4 /* Supporting Files */ = {
			isa = PBXGroup;
			children = (
				E9D313CD17BF7B3100DACDB4 /* GCA-Info.plist */,
				E9D313CE17BF7B3100DACDB4 /* InfoPlist.strings */,
				E9D313D117BF7B3100DACDB4 /* main.m */,
				E9D313D317BF7B3100DACDB4 /* GCA-Prefix.pch */,
			);
			name = "Supporting Files";
			sourceTree = "<group>";
		};
		E9D313F617BF7BD000DACDB4 /* ConferenceKit */ = {
			isa = PBXGroup;
			children = (
				E9D3140617BF7C0800DACDB4 /* sundown */,
				E9D313F717BF7BE600DACDB4 /* CKMarkdownParser.h */,
				E9D313F817BF7BE600DACDB4 /* CKMarkdownParser.m */,
				E9D313F917BF7BE600DACDB4 /* CKMarkdownView.h */,
				E9D313FA17BF7BE600DACDB4 /* CKMarkdownView.m */,
				E9D313FB17BF7BE600DACDB4 /* CKPoiManager.h */,
				E9D313FC17BF7BE600DACDB4 /* CKPoiManager.m */,
				E9D313FD17BF7BE600DACDB4 /* ConferenceKit.h */,
				E9D313FE17BF7BE600DACDB4 /* UIColor+ConferenceKit.h */,
				E9D313FF17BF7BE600DACDB4 /* UIColor+ConferenceKit.m */,
				E9D3145D17BF8CF200DACDB4 /* CKDataStore.h */,
				E9D3145E17BF8CF200DACDB4 /* CKDataStore.m */,
				E9BD1D7F1B791B1B000F197F /* CKSchedule.h */,
				E9BD1D801B791B1B000F197F /* CKSchedule.m */,
			);
			name = ConferenceKit;
			sourceTree = "<group>";
		};
		E9D3140617BF7C0800DACDB4 /* sundown */ = {
			isa = PBXGroup;
			children = (
				E9D3140717BF7C1B00DACDB4 /* autolink.c */,
				E9D3140817BF7C1B00DACDB4 /* autolink.h */,
				E9D3140917BF7C1B00DACDB4 /* buffer.c */,
				E9D3140A17BF7C1B00DACDB4 /* buffer.h */,
				E9D3140B17BF7C1B00DACDB4 /* html_blocks.h */,
				E9D3140C17BF7C1B00DACDB4 /* markdown.c */,
				E9D3140D17BF7C1B00DACDB4 /* markdown.h */,
				E9D3140E17BF7C1B00DACDB4 /* stack.c */,
				E9D3140F17BF7C1B00DACDB4 /* stack.h */,
			);
			name = sundown;
			sourceTree = "<group>";
		};
		E9D3141717BF7C9900DACDB4 /* Controller */ = {
			isa = PBXGroup;
			children = (
				E9D3144017BF880600DACDB4 /* MapVC.h */,
				E9D3144117BF880600DACDB4 /* MapVC.m */,
				E9D3141417BF7C8D00DACDB4 /* InfoVC.h */,
				E9D3141517BF7C8D00DACDB4 /* InfoVC.m */,
				E9829D5017C25EED0024EBC0 /* AbstractsSVC.h */,
				E9829D5117C25EED0024EBC0 /* AbstractsSVC.m */,
				E9D3146917BFAEB400DACDB4 /* AbstractVC.h */,
				E9D3146A17BFAEB400DACDB4 /* AbstractVC.m */,
				E9D3146017BF9EFF00DACDB4 /* AbstractsListTVC.h */,
				E9D3146117BF9EFF00DACDB4 /* AbstractsListTVC.m */,
				E9D3148217C0A39800DACDB4 /* ProgramRootVC.h */,
				E9D3148317C0A39800DACDB4 /* ProgramRootVC.m */,
				E9D3148A17C0A6C100DACDB4 /* ProgramDayTVC.h */,
				E9D3148B17C0A6C200DACDB4 /* ProgramDayTVC.m */,
				E9D3148C17C0A6C200DACDB4 /* ProgramDayTVC.xib */,
			);
			name = Controller;
			sourceTree = "<group>";
		};
		E9D3141817BF7D1600DACDB4 /* Resources */ = {
			isa = PBXGroup;
			children = (
				E91104F61B97402700E4E457 /* MathJax */,
				E9BD1D861B7C7BD1000F197F /* schedule.json */,
				E9938EDE199CDC15003163D5 /* Abstracts.storedata */,
				E9938ED6199CD56E003163D5 /* Abstract.css */,
				E9D3141917BF7D4F00DACDB4 /* info.md */,
				E9D3141A17BF7D4F00DACDB4 /* map.json */,
			);
			name = Resources;
			path = NI2013;
			sourceTree = "<group>";
		};
		E9D3142117BF86D800DACDB4 /* Images */ = {
			isa = PBXGroup;
			children = (
				E9216DDF17E74D1B0013973B /* Images.xcassets */,
				E9829D4517C24A490024EBC0 /* G-Node.png */,
				E9829D4617C24A490024EBC0 /* G-Node@2x.png */,
				E9D3147A17C019CC00DACDB4 /* 00-StarWhite.png */,
				E9D3147B17C019CC00DACDB4 /* 00-StarWhite@2x.png */,
				E9D3147C17C019CC00DACDB4 /* 00-StarWhiteFilled.png */,
				E9D3147D17C019CC00DACDB4 /* 00-StarWhiteFilled@2x.png */,
				E9D3147217BFB03E00DACDB4 /* 00-Star.png */,
				E9D3147317BFB03E00DACDB4 /* 00-Star@2x.png */,
				E9D3147417BFB03E00DACDB4 /* 00-StarFilled.png */,
				E9D3142217BF875500DACDB4 /* 00-StarFilled@2x.png */,
				E9D3142317BF875500DACDB4 /* 01-Location-Arrow.png */,
				E9D3142417BF875500DACDB4 /* 01-Location-Arrow@2x.png */,
				E9D3142517BF875500DACDB4 /* 02-Calendar.png */,
				E9D3142617BF875500DACDB4 /* 02-Calendar@2x.png */,
				E9D3142717BF875500DACDB4 /* 03-Path.png */,
				E9D3142817BF875500DACDB4 /* 03-Path@2x.png */,
				E9D3142917BF875500DACDB4 /* 04-Home.png */,
				E9D3142A17BF875500DACDB4 /* 04-Home@2x.png */,
				E9D3142B17BF875500DACDB4 /* 05-Notebook.png */,
				E9D3142C17BF875500DACDB4 /* 05-Notebook@2x.png */,
				E9D3142D17BF875500DACDB4 /* 06-Next.png */,
				E9D3142E17BF875500DACDB4 /* 06-Next@2x.png */,
				E9D3142F17BF875500DACDB4 /* 07-Previous.png */,
				E9D3143017BF875500DACDB4 /* 07-Previous@2x.png */,
			);
			name = Images;
			path = NI2013;
			sourceTree = "<group>";
		};
		E9D3144317BF8B8400DACDB4 /* AbstractModel */ = {
			isa = PBXGroup;
			children = (
				E90A3D161B7B75D3007C9401 /* Abstract.h */,
				E90A3D171B7B75D3007C9401 /* Abstract.m */,
				E90A3D181B7B75D3007C9401 /* Affiliation.h */,
				E90A3D191B7B75D3007C9401 /* Affiliation.m */,
				E90A3D1A1B7B75D3007C9401 /* Author.h */,
				E90A3D1B1B7B75D3007C9401 /* Author.m */,
				E90A3D1C1B7B75D3007C9401 /* Conference.h */,
				E90A3D1D1B7B75D3007C9401 /* Conference.m */,
				E90A3D1E1B7B75D3007C9401 /* Correspondence.h */,
				E90A3D1F1B7B75D3007C9401 /* Correspondence.m */,
				E90A3D201B7B75D3007C9401 /* Figure.h */,
				E90A3D211B7B75D3007C9401 /* Figure.m */,
				E90A3D221B7B75D3007C9401 /* Group.h */,
				E90A3D231B7B75D3007C9401 /* Group.m */,
				E90A3D241B7B75D3007C9401 /* Organization.h */,
				E90A3D251B7B75D3007C9401 /* Organization.m */,
				E90A3D261B7B75D3007C9401 /* Reference.h */,
				E90A3D271B7B75D3007C9401 /* Reference.m */,
				E96241F919A3816900B189D6 /* Organization+Format.h */,
				E96241FA19A3816900B189D6 /* Organization+Format.m */,
				E96241F619A3814900B189D6 /* Author+Format.h */,
				E96241F719A3814900B189D6 /* Author+Format.m */,
				E9216E6B17E8EAC70013973B /* Abstracts.xcdatamodeld */,
				E9D3146C17BFAEFD00DACDB4 /* Abstract+HTML.h */,
				E9D3146D17BFAEFD00DACDB4 /* Abstract+HTML.m */,
				E976936219A87A8700320EAD /* Abstract+Format.h */,
				E976936319A87A8700320EAD /* Abstract+Format.m */,
			);
			name = AbstractModel;
			sourceTree = "<group>";
		};
		E9D3146317BF9F3800DACDB4 /* Views */ = {
			isa = PBXGroup;
			children = (
				E9D3146417BF9F7800DACDB4 /* AbstractInfoCell.xib */,
				E9D3146617BFA1B800DACDB4 /* AbstractInfoCell.h */,
				E9D3146717BFA1B800DACDB4 /* AbstractInfoCell.m */,
				E9D3148817C0A63C00DACDB4 /* ProgramPointCell.xib */,
				E9D3148517C0A62400DACDB4 /* ProgramPointCell.h */,
				E9D3148617C0A62400DACDB4 /* ProgramPointCell.m */,
				E9829EC117C2C11A0024EBC0 /* ProgramEventView.h */,
			);
			name = Views;
			sourceTree = "<group>";
		};
/* End PBXGroup section */

/* Begin PBXNativeTarget section */
		E96241FF19A38A4800B189D6 /* GCAManager */ = {
			isa = PBXNativeTarget;
			buildConfigurationList = E962421D19A38A4800B189D6 /* Build configuration list for PBXNativeTarget "GCAManager" */;
			buildPhases = (
				E96241FC19A38A4800B189D6 /* Sources */,
				E96241FD19A38A4800B189D6 /* Frameworks */,
				E96241FE19A38A4800B189D6 /* Resources */,
			);
			buildRules = (
			);
			dependencies = (
			);
			name = GCAManager;
			productName = GCAManager;
			productReference = E962420019A38A4800B189D6 /* GCAManager.app */;
			productType = "com.apple.product-type.application";
		};
		E9D313C117BF7B3100DACDB4 /* GCA */ = {
			isa = PBXNativeTarget;
			buildConfigurationList = E9D313F317BF7B3100DACDB4 /* Build configuration list for PBXNativeTarget "GCA" */;
			buildPhases = (
				E9D313BE17BF7B3100DACDB4 /* Sources */,
				E9D313BF17BF7B3100DACDB4 /* Frameworks */,
				E9D313C017BF7B3100DACDB4 /* Resources */,
				E9A4C9821B98945E00B6B709 /* ShellScript */,
			);
			buildRules = (
			);
			dependencies = (
			);
			name = GCA;
			productName = NI2013;
			productReference = E9D313C217BF7B3100DACDB4 /* GCA.app */;
			productType = "com.apple.product-type.application";
		};
/* End PBXNativeTarget section */

/* Begin PBXProject section */
		E9D313BA17BF7B3100DACDB4 /* Project object */ = {
			isa = PBXProject;
			attributes = {
				LastUpgradeCheck = 0460;
				ORGANIZATIONNAME = "G-Node";
				TargetAttributes = {
					E96241FF19A38A4800B189D6 = {
						CreatedOnToolsVersion = 6.0;
					};
					E9D313C117BF7B3100DACDB4 = {
						DevelopmentTeam = 42RKK3EW2J;
					};
				};
			};
			buildConfigurationList = E9D313BD17BF7B3100DACDB4 /* Build configuration list for PBXProject "GCA" */;
			compatibilityVersion = "Xcode 3.2";
			developmentRegion = English;
			hasScannedForEncodings = 0;
			knownRegions = (
				en,
				Base,
			);
			mainGroup = E9D313B917BF7B3100DACDB4;
			productRefGroup = E9D313C317BF7B3100DACDB4 /* Products */;
			projectDirPath = "";
			projectRoot = "";
			targets = (
				E9D313C117BF7B3100DACDB4 /* GCA */,
				E96241FF19A38A4800B189D6 /* GCAManager */,
			);
		};
/* End PBXProject section */

/* Begin PBXResourcesBuildPhase section */
		E96241FE19A38A4800B189D6 /* Resources */ = {
			isa = PBXResourcesBuildPhase;
			buildActionMask = 2147483647;
			files = (
				E962424119A38B8700B189D6 /* Abstract.css in Resources */,
				E9AF81EF1B78A61E0002F96D /* (null) in Resources */,
				E90A3D3E1B7B79A6007C9401 /* ConferenceController.xib in Resources */,
				E962420D19A38A4800B189D6 /* Images.xcassets in Resources */,
				E962421019A38A4800B189D6 /* MainMenu.xib in Resources */,
			);
			runOnlyForDeploymentPostprocessing = 0;
		};
		E9D313C017BF7B3100DACDB4 /* Resources */ = {
			isa = PBXResourcesBuildPhase;
			buildActionMask = 2147483647;
			files = (
				E9D313D017BF7B3100DACDB4 /* InfoPlist.strings in Resources */,
				E9D313DF17BF7B3100DACDB4 /* MainStoryboard_iPhone.storyboard in Resources */,
				E9D313E217BF7B3100DACDB4 /* MainStoryboard_iPad.storyboard in Resources */,
				E9D3141C17BF7D4F00DACDB4 /* info.md in Resources */,
				E9D3141D17BF7D4F00DACDB4 /* map.json in Resources */,
				E9938ED7199CD56E003163D5 /* Abstract.css in Resources */,
				E9D3143117BF875500DACDB4 /* 00-StarFilled@2x.png in Resources */,
				E9D3143217BF875500DACDB4 /* 01-Location-Arrow.png in Resources */,
				E9D3143317BF875500DACDB4 /* 01-Location-Arrow@2x.png in Resources */,
				E9D3143417BF875500DACDB4 /* 02-Calendar.png in Resources */,
				E9D3143517BF875500DACDB4 /* 02-Calendar@2x.png in Resources */,
				E9D3143617BF875500DACDB4 /* 03-Path.png in Resources */,
				E9D3143717BF875500DACDB4 /* 03-Path@2x.png in Resources */,
				E9BD1D871B7C7BD1000F197F /* schedule.json in Resources */,
				E9D3143817BF875500DACDB4 /* 04-Home.png in Resources */,
				E91104F71B97402700E4E457 /* MathJax in Resources */,
				E9D3143917BF875500DACDB4 /* 04-Home@2x.png in Resources */,
				E9D3143A17BF875500DACDB4 /* 05-Notebook.png in Resources */,
				E9D3143B17BF875500DACDB4 /* 05-Notebook@2x.png in Resources */,
				E9D3143C17BF875500DACDB4 /* 06-Next.png in Resources */,
				E9D3143D17BF875500DACDB4 /* 06-Next@2x.png in Resources */,
				E9D3143E17BF875500DACDB4 /* 07-Previous.png in Resources */,
				E9D3143F17BF875500DACDB4 /* 07-Previous@2x.png in Resources */,
				E9D3146517BF9F7800DACDB4 /* AbstractInfoCell.xib in Resources */,
				E9D3147517BFB03E00DACDB4 /* 00-Star.png in Resources */,
				E9D3147617BFB03E00DACDB4 /* 00-Star@2x.png in Resources */,
				E9D3147717BFB03E00DACDB4 /* 00-StarFilled.png in Resources */,
				E9938EDF199CDC15003163D5 /* Abstracts.storedata in Resources */,
				E9D3147E17C019CC00DACDB4 /* 00-StarWhite.png in Resources */,
				E9D3147F17C019CC00DACDB4 /* 00-StarWhite@2x.png in Resources */,
				E9D3148017C019CC00DACDB4 /* 00-StarWhiteFilled.png in Resources */,
				E9D3148117C019CC00DACDB4 /* 00-StarWhiteFilled@2x.png in Resources */,
				E9D3148917C0A63C00DACDB4 /* ProgramPointCell.xib in Resources */,
				E90A3D421B7B8530007C9401 /* LaunchScreen.xib in Resources */,
				E9D3148E17C0A6C200DACDB4 /* ProgramDayTVC.xib in Resources */,
				E9829D4717C24A490024EBC0 /* G-Node.png in Resources */,
				E9829D4817C24A490024EBC0 /* G-Node@2x.png in Resources */,
				E9216DE017E74D1B0013973B /* Images.xcassets in Resources */,
			);
			runOnlyForDeploymentPostprocessing = 0;
		};
/* End PBXResourcesBuildPhase section */

/* Begin PBXShellScriptBuildPhase section */
		E9A4C9821B98945E00B6B709 /* ShellScript */ = {
			isa = PBXShellScriptBuildPhase;
			buildActionMask = 2147483647;
			files = (
			);
			inputPaths = (
			);
			outputPaths = (
			);
			runOnlyForDeploymentPostprocessing = 0;
			shellPath = /bin/sh;
			shellScript = "\"${DEVELOPER_BIN_DIR}/agvtool\" next-version -all";
		};
/* End PBXShellScriptBuildPhase section */

/* Begin PBXSourcesBuildPhase section */
		E96241FC19A38A4800B189D6 /* Sources */ = {
			isa = PBXSourcesBuildPhase;
			buildActionMask = 2147483647;
			files = (
				E962423B19A38B2F00B189D6 /* Abstracts.xcdatamodeld in Sources */,
				E90A3D291B7B75D3007C9401 /* Abstract.m in Sources */,
				E9AF81EA1B789F7D0002F96D /* (null) in Sources */,
				E90A3D371B7B75D3007C9401 /* Organization.m in Sources */,
				E90A3D3D1B7B79A6007C9401 /* ConferenceController.m in Sources */,
				E90A3D2F1B7B75D3007C9401 /* Conference.m in Sources */,
				E90A3D391B7B75D3007C9401 /* Reference.m in Sources */,
				E9AF81FF1B78FEC90002F96D /* (null) in Sources */,
				E90A3D311B7B75D3007C9401 /* Correspondence.m in Sources */,
				E962422419A38B1500B189D6 /* Organization+Format.m in Sources */,
				E962422619A38B1500B189D6 /* Author+Format.m in Sources */,
				E90A3D2D1B7B75D3007C9401 /* Author.m in Sources */,
				E976936519A87A8700320EAD /* Abstract+Format.m in Sources */,
				E9AF81CA1B789F7C0002F96D /* (null) in Sources */,
				E9AF81E61B789F7D0002F96D /* (null) in Sources */,
				E9AF81EE1B78A61E0002F96D /* (null) in Sources */,
				E90A3D331B7B75D3007C9401 /* Figure.m in Sources */,
				E9AF81CE1B789F7D0002F96D /* (null) in Sources */,
				E962424419A38BC500B189D6 /* JSONImporter.m in Sources */,
				E9AF81E21B789F7D0002F96D /* (null) in Sources */,
				E90A3D351B7B75D3007C9401 /* Group.m in Sources */,
				E962423819A38B1500B189D6 /* Abstract+HTML.m in Sources */,
				E9AF81DE1B789F7D0002F96D /* (null) in Sources */,
				E9AF81DA1B789F7D0002F96D /* (null) in Sources */,
				E90A3D2B1B7B75D3007C9401 /* Affiliation.m in Sources */,
				E962420819A38A4800B189D6 /* AppDelegate.m in Sources */,
				E9AF81D61B789F7D0002F96D /* (null) in Sources */,
				E962420519A38A4800B189D6 /* main.m in Sources */,
			);
			runOnlyForDeploymentPostprocessing = 0;
		};
		E9D313BE17BF7B3100DACDB4 /* Sources */ = {
			isa = PBXSourcesBuildPhase;
			buildActionMask = 2147483647;
			files = (
				E9E3A5311B7C9DAF00919B6C /* CKSchedule.m in Sources */,
				E90A3D341B7B75D3007C9401 /* Group.m in Sources */,
				E9D313D217BF7B3100DACDB4 /* main.m in Sources */,
				E9D313D617BF7B3100DACDB4 /* AppDelegate.m in Sources */,
				E9D3140017BF7BE600DACDB4 /* CKMarkdownParser.m in Sources */,
				E9D3140117BF7BE600DACDB4 /* CKMarkdownView.m in Sources */,
				E90A3D381B7B75D3007C9401 /* Reference.m in Sources */,
				E9216E6D17E8EAC70013973B /* Abstracts.xcdatamodeld in Sources */,
				E9D3140217BF7BE600DACDB4 /* CKPoiManager.m in Sources */,
				E9D3140317BF7BE600DACDB4 /* UIColor+ConferenceKit.m in Sources */,
				E9D3141017BF7C1B00DACDB4 /* autolink.c in Sources */,
				E9D3141117BF7C1B00DACDB4 /* buffer.c in Sources */,
				E9D3141217BF7C1B00DACDB4 /* markdown.c in Sources */,
				E96241FB19A3816900B189D6 /* Organization+Format.m in Sources */,
				E90A3D281B7B75D3007C9401 /* Abstract.m in Sources */,
				E96241F819A3814900B189D6 /* Author+Format.m in Sources */,
				E9D3141317BF7C1B00DACDB4 /* stack.c in Sources */,
				E9D3141617BF7C8D00DACDB4 /* InfoVC.m in Sources */,
				E9D3144217BF880600DACDB4 /* MapVC.m in Sources */,
				E90A3D321B7B75D3007C9401 /* Figure.m in Sources */,
				E9D3145F17BF8CF200DACDB4 /* CKDataStore.m in Sources */,
				E90A3D2E1B7B75D3007C9401 /* Conference.m in Sources */,
				E9D3146217BF9EFF00DACDB4 /* AbstractsListTVC.m in Sources */,
				E9D3146817BFA1B800DACDB4 /* AbstractInfoCell.m in Sources */,
				E90A3D2C1B7B75D3007C9401 /* Author.m in Sources */,
				E976936419A87A8700320EAD /* Abstract+Format.m in Sources */,
				E9D3146B17BFAEB500DACDB4 /* AbstractVC.m in Sources */,
				E9D3146E17BFAEFD00DACDB4 /* Abstract+HTML.m in Sources */,
				E90A3D2A1B7B75D3007C9401 /* Affiliation.m in Sources */,
				E9D3148417C0A39800DACDB4 /* ProgramRootVC.m in Sources */,
				E90A3D301B7B75D3007C9401 /* Correspondence.m in Sources */,
				E90A3D361B7B75D3007C9401 /* Organization.m in Sources */,
				E9D3148717C0A62400DACDB4 /* ProgramPointCell.m in Sources */,
				E9D3148D17C0A6C200DACDB4 /* ProgramDayTVC.m in Sources */,
				E9829D5217C25EED0024EBC0 /* AbstractsSVC.m in Sources */,
			);
			runOnlyForDeploymentPostprocessing = 0;
		};
/* End PBXSourcesBuildPhase section */

/* Begin PBXVariantGroup section */
		E962420E19A38A4800B189D6 /* MainMenu.xib */ = {
			isa = PBXVariantGroup;
			children = (
				E962420F19A38A4800B189D6 /* Base */,
			);
			name = MainMenu.xib;
			sourceTree = "<group>";
		};
		E9D313CE17BF7B3100DACDB4 /* InfoPlist.strings */ = {
			isa = PBXVariantGroup;
			children = (
				E9D313CF17BF7B3100DACDB4 /* en */,
			);
			name = InfoPlist.strings;
			sourceTree = "<group>";
		};
		E9D313DD17BF7B3100DACDB4 /* MainStoryboard_iPhone.storyboard */ = {
			isa = PBXVariantGroup;
			children = (
				E9D313DE17BF7B3100DACDB4 /* en */,
			);
			name = MainStoryboard_iPhone.storyboard;
			sourceTree = "<group>";
		};
		E9D313E017BF7B3100DACDB4 /* MainStoryboard_iPad.storyboard */ = {
			isa = PBXVariantGroup;
			children = (
				E9D313E117BF7B3100DACDB4 /* en */,
			);
			name = MainStoryboard_iPad.storyboard;
			sourceTree = "<group>";
		};
/* End PBXVariantGroup section */

/* Begin XCBuildConfiguration section */
		E962421E19A38A4800B189D6 /* Debug */ = {
			isa = XCBuildConfiguration;
			buildSettings = {
				ASSETCATALOG_COMPILER_APPICON_NAME = AppIcon;
				CLANG_ENABLE_MODULES = YES;
				CLANG_WARN_BOOL_CONVERSION = YES;
				CLANG_WARN_DIRECT_OBJC_ISA_USAGE = YES_ERROR;
				CLANG_WARN_OBJC_ROOT_CLASS = YES_ERROR;
				CLANG_WARN_UNREACHABLE_CODE = YES;
				CODE_SIGN_IDENTITY = "-";
				COMBINE_HIDPI_IMAGES = YES;
				ENABLE_STRICT_OBJC_MSGSEND = YES;
				GCC_PREPROCESSOR_DEFINITIONS = (
					"DEBUG=1",
					"$(inherited)",
				);
				GCC_WARN_64_TO_32_BIT_CONVERSION = YES;
				GCC_WARN_ABOUT_RETURN_TYPE = YES_ERROR;
				GCC_WARN_UNDECLARED_SELECTOR = YES;
				GCC_WARN_UNINITIALIZED_AUTOS = YES_AGGRESSIVE;
				GCC_WARN_UNUSED_FUNCTION = YES;
				INFOPLIST_FILE = GCAManager/Info.plist;
				LD_RUNPATH_SEARCH_PATHS = "$(inherited) @executable_path/../Frameworks";
				MTL_ENABLE_DEBUG_INFO = YES;
				PRODUCT_NAME = "$(TARGET_NAME)";
				SDKROOT = macosx;
			};
			name = Debug;
		};
		E962421F19A38A4800B189D6 /* Release */ = {
			isa = XCBuildConfiguration;
			buildSettings = {
				ASSETCATALOG_COMPILER_APPICON_NAME = AppIcon;
				CLANG_ENABLE_MODULES = YES;
				CLANG_WARN_BOOL_CONVERSION = YES;
				CLANG_WARN_DIRECT_OBJC_ISA_USAGE = YES_ERROR;
				CLANG_WARN_OBJC_ROOT_CLASS = YES_ERROR;
				CLANG_WARN_UNREACHABLE_CODE = YES;
				CODE_SIGN_IDENTITY = "-";
				COMBINE_HIDPI_IMAGES = YES;
				DEBUG_INFORMATION_FORMAT = "dwarf-with-dsym";
				ENABLE_NS_ASSERTIONS = NO;
				ENABLE_STRICT_OBJC_MSGSEND = YES;
				GCC_WARN_64_TO_32_BIT_CONVERSION = YES;
				GCC_WARN_ABOUT_RETURN_TYPE = YES_ERROR;
				GCC_WARN_UNDECLARED_SELECTOR = YES;
				GCC_WARN_UNINITIALIZED_AUTOS = YES_AGGRESSIVE;
				GCC_WARN_UNUSED_FUNCTION = YES;
				INFOPLIST_FILE = GCAManager/Info.plist;
				LD_RUNPATH_SEARCH_PATHS = "$(inherited) @executable_path/../Frameworks";
				MTL_ENABLE_DEBUG_INFO = NO;
				PRODUCT_NAME = "$(TARGET_NAME)";
				SDKROOT = macosx;
			};
			name = Release;
		};
		E9D313F117BF7B3100DACDB4 /* Debug */ = {
			isa = XCBuildConfiguration;
			buildSettings = {
				ALWAYS_SEARCH_USER_PATHS = NO;
				CLANG_CXX_LANGUAGE_STANDARD = "gnu++0x";
				CLANG_CXX_LIBRARY = "libc++";
				CLANG_ENABLE_OBJC_ARC = YES;
				CLANG_WARN_CONSTANT_CONVERSION = YES;
				CLANG_WARN_EMPTY_BODY = YES;
				CLANG_WARN_ENUM_CONVERSION = YES;
				CLANG_WARN_INT_CONVERSION = YES;
				CLANG_WARN__DUPLICATE_METHOD_MATCH = YES;
				CODE_SIGN_IDENTITY = "";
				"CODE_SIGN_IDENTITY[sdk=*]" = "";
				COPY_PHASE_STRIP = NO;
				GCC_C_LANGUAGE_STANDARD = gnu99;
				GCC_DYNAMIC_NO_PIC = NO;
				GCC_OPTIMIZATION_LEVEL = 0;
				GCC_PREPROCESSOR_DEFINITIONS = (
					"DEBUG=1",
					"$(inherited)",
				);
				GCC_SYMBOLS_PRIVATE_EXTERN = NO;
				GCC_WARN_ABOUT_RETURN_TYPE = YES;
				GCC_WARN_UNINITIALIZED_AUTOS = YES;
				GCC_WARN_UNUSED_VARIABLE = YES;
				IPHONEOS_DEPLOYMENT_TARGET = 6.0;
				MACOSX_DEPLOYMENT_TARGET = 10.9;
				ONLY_ACTIVE_ARCH = YES;
				PROVISIONING_PROFILE = "BD3873E0-7F7C-44B6-BC78-FE84AD43BD2E";
				SDKROOT = iphoneos;
				TARGETED_DEVICE_FAMILY = "1,2";
			};
			name = Debug;
		};
		E9D313F217BF7B3100DACDB4 /* Release */ = {
			isa = XCBuildConfiguration;
			buildSettings = {
				ALWAYS_SEARCH_USER_PATHS = NO;
				CLANG_CXX_LANGUAGE_STANDARD = "gnu++0x";
				CLANG_CXX_LIBRARY = "libc++";
				CLANG_ENABLE_OBJC_ARC = YES;
				CLANG_WARN_CONSTANT_CONVERSION = YES;
				CLANG_WARN_EMPTY_BODY = YES;
				CLANG_WARN_ENUM_CONVERSION = YES;
				CLANG_WARN_INT_CONVERSION = YES;
				CLANG_WARN__DUPLICATE_METHOD_MATCH = YES;
				CODE_SIGN_IDENTITY = "";
				"CODE_SIGN_IDENTITY[sdk=iphoneos*]" = "";
				COPY_PHASE_STRIP = YES;
				GCC_C_LANGUAGE_STANDARD = gnu99;
				GCC_WARN_ABOUT_RETURN_TYPE = YES;
				GCC_WARN_UNINITIALIZED_AUTOS = YES;
				GCC_WARN_UNUSED_VARIABLE = YES;
				IPHONEOS_DEPLOYMENT_TARGET = 6.0;
				MACOSX_DEPLOYMENT_TARGET = 10.9;
				OTHER_CFLAGS = "-DNS_BLOCK_ASSERTIONS=1";
				PROVISIONING_PROFILE = "BD3873E0-7F7C-44B6-BC78-FE84AD43BD2E";
				SDKROOT = iphoneos;
				TARGETED_DEVICE_FAMILY = "1,2";
				VALIDATE_PRODUCT = YES;
			};
			name = Release;
		};
		E9D313F417BF7B3100DACDB4 /* Debug */ = {
			isa = XCBuildConfiguration;
			buildSettings = {
				ASSETCATALOG_COMPILER_APPICON_NAME = AppIcon;
				CLANG_ENABLE_MODULES = YES;
				CODE_SIGN_IDENTITY = "iPhone Developer";
				"CODE_SIGN_IDENTITY[sdk=iphoneos*]" = "iPhone Developer";
				CURRENT_PROJECT_VERSION = 1;
				GCC_PRECOMPILE_PREFIX_HEADER = YES;
				GCC_PREFIX_HEADER = "Source/GCA-Prefix.pch";
				INFOPLIST_FILE = "Source/GCA-Info.plist";
				IPHONEOS_DEPLOYMENT_TARGET = 8.0;
				LD_RUNPATH_SEARCH_PATHS = "$(inherited) @executable_path/Frameworks";
				PRODUCT_NAME = GCA;
				PROVISIONING_PROFILE = "";
				SWIFT_OPTIMIZATION_LEVEL = "-Onone";
				WRAPPER_EXTENSION = app;
			};
			name = Debug;
		};
		E9D313F517BF7B3100DACDB4 /* Release */ = {
			isa = XCBuildConfiguration;
			buildSettings = {
				ASSETCATALOG_COMPILER_APPICON_NAME = AppIcon;
				CLANG_ENABLE_MODULES = YES;
				CODE_SIGN_IDENTITY = "iPhone Developer";
				"CODE_SIGN_IDENTITY[sdk=iphoneos*]" = "iPhone Developer";
				CURRENT_PROJECT_VERSION = 1;
				GCC_PRECOMPILE_PREFIX_HEADER = YES;
				GCC_PREFIX_HEADER = "Source/GCA-Prefix.pch";
				INFOPLIST_FILE = "Source/GCA-Info.plist";
				IPHONEOS_DEPLOYMENT_TARGET = 8.0;
				LD_RUNPATH_SEARCH_PATHS = "$(inherited) @executable_path/Frameworks";
				PRODUCT_NAME = GCA;
				PROVISIONING_PROFILE = "";
				WRAPPER_EXTENSION = app;
			};
			name = Release;
		};
/* End XCBuildConfiguration section */

/* Begin XCConfigurationList section */
		E962421D19A38A4800B189D6 /* Build configuration list for PBXNativeTarget "GCAManager" */ = {
			isa = XCConfigurationList;
			buildConfigurations = (
				E962421E19A38A4800B189D6 /* Debug */,
				E962421F19A38A4800B189D6 /* Release */,
			);
			defaultConfigurationIsVisible = 0;
			defaultConfigurationName = Release;
		};
		E9D313BD17BF7B3100DACDB4 /* Build configuration list for PBXProject "GCA" */ = {
			isa = XCConfigurationList;
			buildConfigurations = (
				E9D313F117BF7B3100DACDB4 /* Debug */,
				E9D313F217BF7B3100DACDB4 /* Release */,
			);
			defaultConfigurationIsVisible = 0;
			defaultConfigurationName = Release;
		};
		E9D313F317BF7B3100DACDB4 /* Build configuration list for PBXNativeTarget "GCA" */ = {
			isa = XCConfigurationList;
			buildConfigurations = (
				E9D313F417BF7B3100DACDB4 /* Debug */,
				E9D313F517BF7B3100DACDB4 /* Release */,
			);
			defaultConfigurationIsVisible = 0;
			defaultConfigurationName = Release;
		};
/* End XCConfigurationList section */

/* Begin XCVersionGroup section */
		E9216E6B17E8EAC70013973B /* Abstracts.xcdatamodeld */ = {
			isa = XCVersionGroup;
			children = (
				E9216E6C17E8EAC70013973B /* Abstracts.xcdatamodel */,
			);
			currentVersion = E9216E6C17E8EAC70013973B /* Abstracts.xcdatamodel */;
			path = Abstracts.xcdatamodeld;
			sourceTree = "<group>";
			versionGroupType = wrapper.xcdatamodel;
		};
/* End XCVersionGroup section */
	};
	rootObject = E9D313BA17BF7B3100DACDB4 /* Project object */;
}
